// !$*UTF8*$!
{
	archiveVersion = 1;
	classes = {
	};
	objectVersion = 50;
	objects = {

/* Begin PBXBuildFile section */
		7B487DB52595ECA10022297C /* AppDelegate.swift in Sources */ = {isa = PBXBuildFile; fileRef = 7B487DB42595ECA10022297C /* AppDelegate.swift */; };
		7B487DB72595ECA10022297C /* SceneDelegate.swift in Sources */ = {isa = PBXBuildFile; fileRef = 7B487DB62595ECA10022297C /* SceneDelegate.swift */; };
		7B487DB92595ECA10022297C /* CommentsViewController.swift in Sources */ = {isa = PBXBuildFile; fileRef = 7B487DB82595ECA10022297C /* CommentsViewController.swift */; };
		7B487DBC2595ECA10022297C /* Main.storyboard in Resources */ = {isa = PBXBuildFile; fileRef = 7B487DBA2595ECA10022297C /* Main.storyboard */; };
		7B487DBE2595ECA20022297C /* Assets.xcassets in Resources */ = {isa = PBXBuildFile; fileRef = 7B487DBD2595ECA20022297C /* Assets.xcassets */; };
		7B487DC12595ECA20022297C /* LaunchScreen.storyboard in Resources */ = {isa = PBXBuildFile; fileRef = 7B487DBF2595ECA20022297C /* LaunchScreen.storyboard */; };
		7B487DDA2595F1E30022297C /* CommentsTableViewCell.swift in Sources */ = {isa = PBXBuildFile; fileRef = 7B487DD92595F1E30022297C /* CommentsTableViewCell.swift */; };
		7B487DDD2595F3490022297C /* Comment.swift in Sources */ = {isa = PBXBuildFile; fileRef = 7B487DDC2595F3490022297C /* Comment.swift */; };
		7B487DE1259612DE0022297C /* NetworkService.swift in Sources */ = {isa = PBXBuildFile; fileRef = 7B487DE0259612DE0022297C /* NetworkService.swift */; };
		7B487DE5259615820022297C /* CommentNetworkService.swift in Sources */ = {isa = PBXBuildFile; fileRef = 7B487DE4259615820022297C /* CommentNetworkService.swift */; };
		7B487DE92596164B0022297C /* GetCommentResponse.swift in Sources */ = {isa = PBXBuildFile; fileRef = 7B487DE82596164B0022297C /* GetCommentResponse.swift */; };
		7B487DEC259617020022297C /* NetworkError.swift in Sources */ = {isa = PBXBuildFile; fileRef = 7B487DEB259617020022297C /* NetworkError.swift */; };
/* End PBXBuildFile section */

/* Begin PBXFileReference section */
		7B487DB12595ECA10022297C /* MVC-s.app */ = {isa = PBXFileReference; explicitFileType = wrapper.application; includeInIndex = 0; path = "MVC-s.app"; sourceTree = BUILT_PRODUCTS_DIR; };
		7B487DB42595ECA10022297C /* AppDelegate.swift */ = {isa = PBXFileReference; lastKnownFileType = sourcecode.swift; path = AppDelegate.swift; sourceTree = "<group>"; };
		7B487DB62595ECA10022297C /* SceneDelegate.swift */ = {isa = PBXFileReference; lastKnownFileType = sourcecode.swift; path = SceneDelegate.swift; sourceTree = "<group>"; };
		7B487DB82595ECA10022297C /* CommentsViewController.swift */ = {isa = PBXFileReference; lastKnownFileType = sourcecode.swift; path = CommentsViewController.swift; sourceTree = "<group>"; };
		7B487DBB2595ECA10022297C /* Base */ = {isa = PBXFileReference; lastKnownFileType = file.storyboard; name = Base; path = Base.lproj/Main.storyboard; sourceTree = "<group>"; };
		7B487DBD2595ECA20022297C /* Assets.xcassets */ = {isa = PBXFileReference; lastKnownFileType = folder.assetcatalog; path = Assets.xcassets; sourceTree = "<group>"; };
		7B487DC02595ECA20022297C /* Base */ = {isa = PBXFileReference; lastKnownFileType = file.storyboard; name = Base; path = Base.lproj/LaunchScreen.storyboard; sourceTree = "<group>"; };
		7B487DC22595ECA20022297C /* Info.plist */ = {isa = PBXFileReference; lastKnownFileType = text.plist.xml; path = Info.plist; sourceTree = "<group>"; };
		7B487DD92595F1E30022297C /* CommentsTableViewCell.swift */ = {isa = PBXFileReference; lastKnownFileType = sourcecode.swift; path = CommentsTableViewCell.swift; sourceTree = "<group>"; };
		7B487DDC2595F3490022297C /* Comment.swift */ = {isa = PBXFileReference; lastKnownFileType = sourcecode.swift; path = Comment.swift; sourceTree = "<group>"; };
		7B487DE0259612DE0022297C /* NetworkService.swift */ = {isa = PBXFileReference; lastKnownFileType = sourcecode.swift; path = NetworkService.swift; sourceTree = "<group>"; };
		7B487DE4259615820022297C /* CommentNetworkService.swift */ = {isa = PBXFileReference; lastKnownFileType = sourcecode.swift; path = CommentNetworkService.swift; sourceTree = "<group>"; };
		7B487DE82596164B0022297C /* GetCommentResponse.swift */ = {isa = PBXFileReference; lastKnownFileType = sourcecode.swift; path = GetCommentResponse.swift; sourceTree = "<group>"; };
		7B487DEB259617020022297C /* NetworkError.swift */ = {isa = PBXFileReference; lastKnownFileType = sourcecode.swift; path = NetworkError.swift; sourceTree = "<group>"; };
/* End PBXFileReference section */

/* Begin PBXFrameworksBuildPhase section */
		7B487DAE2595ECA10022297C /* Frameworks */ = {
			isa = PBXFrameworksBuildPhase;
			buildActionMask = 2147483647;
			files = (
			);
			runOnlyForDeploymentPostprocessing = 0;
		};
/* End PBXFrameworksBuildPhase section */

/* Begin PBXGroup section */
		7B487DA82595ECA10022297C = {
			isa = PBXGroup;
			children = (
				7B487DB32595ECA10022297C /* MVC-s */,
				7B487DB22595ECA10022297C /* Products */,
			);
			sourceTree = "<group>";
		};
		7B487DB22595ECA10022297C /* Products */ = {
			isa = PBXGroup;
			children = (
				7B487DB12595ECA10022297C /* MVC-s.app */,
			);
			name = Products;
			sourceTree = "<group>";
		};
		7B487DB32595ECA10022297C /* MVC-s */ = {
			isa = PBXGroup;
			children = (
				7B487DCB2595ECAC0022297C /* Application */,
				7B487DC92595ECA90022297C /* Comment */,
				7B487DD22595ECF60022297C /* Supporting files */,
			);
			path = "MVC-s";
			sourceTree = "<group>";
		};
		7B487DC92595ECA90022297C /* Comment */ = {
			isa = PBXGroup;
			children = (
				7B487DE3259615670022297C /* CommentNetworkService */,
				7B487DD12595ECD00022297C /* Conrtoller */,
				7B487DD02595ECCD0022297C /* View */,
				7B487DCF2595ECC60022297C /* Model */,
			);
			path = Comment;
			sourceTree = "<group>";
		};
		7B487DCB2595ECAC0022297C /* Application */ = {
			isa = PBXGroup;
			children = (
				7B487DDF259612B10022297C /* NetworkService */,
				7B487DCE2595ECBE0022297C /* Controller */,
				7B487DCD2595ECBA0022297C /* View */,
				7B487DCC2595ECB10022297C /* Model */,
			);
			path = Application;
			sourceTree = "<group>";
		};
		7B487DCC2595ECB10022297C /* Model */ = {
			isa = PBXGroup;
			children = (
				7B487DEB259617020022297C /* NetworkError.swift */,
			);
			path = Model;
			sourceTree = "<group>";
		};
		7B487DCD2595ECBA0022297C /* View */ = {
			isa = PBXGroup;
			children = (
				7B487DBF2595ECA20022297C /* LaunchScreen.storyboard */,
			);
			path = View;
			sourceTree = "<group>";
		};
		7B487DCE2595ECBE0022297C /* Controller */ = {
			isa = PBXGroup;
			children = (
				7B487DB42595ECA10022297C /* AppDelegate.swift */,
				7B487DB62595ECA10022297C /* SceneDelegate.swift */,
			);
			path = Controller;
			sourceTree = "<group>";
		};
		7B487DCF2595ECC60022297C /* Model */ = {
			isa = PBXGroup;
			children = (
				7B487DDC2595F3490022297C /* Comment.swift */,
				7B487DE82596164B0022297C /* GetCommentResponse.swift */,
			);
			path = Model;
			sourceTree = "<group>";
		};
		7B487DD02595ECCD0022297C /* View */ = {
			isa = PBXGroup;
			children = (
				7B487DBA2595ECA10022297C /* Main.storyboard */,
				7B487DD92595F1E30022297C /* CommentsTableViewCell.swift */,
			);
			path = View;
			sourceTree = "<group>";
		};
		7B487DD12595ECD00022297C /* Conrtoller */ = {
			isa = PBXGroup;
			children = (
				7B487DB82595ECA10022297C /* CommentsViewController.swift */,
			);
			path = Conrtoller;
			sourceTree = "<group>";
		};
		7B487DD22595ECF60022297C /* Supporting files */ = {
			isa = PBXGroup;
			children = (
				7B487DBD2595ECA20022297C /* Assets.xcassets */,
				7B487DC22595ECA20022297C /* Info.plist */,
			);
			path = "Supporting files";
			sourceTree = "<group>";
		};
		7B487DDF259612B10022297C /* NetworkService */ = {
			isa = PBXGroup;
			children = (
				7B487DE0259612DE0022297C /* NetworkService.swift */,
			);
			path = NetworkService;
			sourceTree = "<group>";
		};
		7B487DE3259615670022297C /* CommentNetworkService */ = {
			isa = PBXGroup;
			children = (
				7B487DE4259615820022297C /* CommentNetworkService.swift */,
			);
			path = CommentNetworkService;
			sourceTree = "<group>";
		};
/* End PBXGroup section */

/* Begin PBXNativeTarget section */
		7B487DB02595ECA10022297C /* MVC-s */ = {
			isa = PBXNativeTarget;
			buildConfigurationList = 7B487DC52595ECA20022297C /* Build configuration list for PBXNativeTarget "MVC-s" */;
			buildPhases = (
				7B487DAD2595ECA10022297C /* Sources */,
				7B487DAE2595ECA10022297C /* Frameworks */,
				7B487DAF2595ECA10022297C /* Resources */,
			);
			buildRules = (
			);
			dependencies = (
			);
			name = "MVC-s";
			productName = "MVC-s";
			productReference = 7B487DB12595ECA10022297C /* MVC-s.app */;
			productType = "com.apple.product-type.application";
		};
/* End PBXNativeTarget section */

/* Begin PBXProject section */
		7B487DA92595ECA10022297C /* Project object */ = {
			isa = PBXProject;
			attributes = {
				LastSwiftUpdateCheck = 1230;
				LastUpgradeCheck = 1230;
				TargetAttributes = {
					7B487DB02595ECA10022297C = {
						CreatedOnToolsVersion = 12.3;
					};
				};
			};
			buildConfigurationList = 7B487DAC2595ECA10022297C /* Build configuration list for PBXProject "MVC-s" */;
			compatibilityVersion = "Xcode 9.3";
			developmentRegion = en;
			hasScannedForEncodings = 0;
			knownRegions = (
				en,
				Base,
			);
			mainGroup = 7B487DA82595ECA10022297C;
			productRefGroup = 7B487DB22595ECA10022297C /* Products */;
			projectDirPath = "";
			projectRoot = "";
			targets = (
				7B487DB02595ECA10022297C /* MVC-s */,
			);
		};
/* End PBXProject section */

/* Begin PBXResourcesBuildPhase section */
		7B487DAF2595ECA10022297C /* Resources */ = {
			isa = PBXResourcesBuildPhase;
			buildActionMask = 2147483647;
			files = (
				7B487DC12595ECA20022297C /* LaunchScreen.storyboard in Resources */,
				7B487DBE2595ECA20022297C /* Assets.xcassets in Resources */,
				7B487DBC2595ECA10022297C /* Main.storyboard in Resources */,
			);
			runOnlyForDeploymentPostprocessing = 0;
		};
/* End PBXResourcesBuildPhase section */

/* Begin PBXSourcesBuildPhase section */
		7B487DAD2595ECA10022297C /* Sources */ = {
			isa = PBXSourcesBuildPhase;
			buildActionMask = 2147483647;
			files = (
				7B487DDD2595F3490022297C /* Comment.swift in Sources */,
				7B487DB92595ECA10022297C /* CommentsViewController.swift in Sources */,
				7B487DB52595ECA10022297C /* AppDelegate.swift in Sources */,
				7B487DB72595ECA10022297C /* SceneDelegate.swift in Sources */,
				7B487DE1259612DE0022297C /* NetworkService.swift in Sources */,
				7B487DE92596164B0022297C /* GetCommentResponse.swift in Sources */,
				7B487DEC259617020022297C /* NetworkError.swift in Sources */,
				7B487DDA2595F1E30022297C /* CommentsTableViewCell.swift in Sources */,
				7B487DE5259615820022297C /* CommentNetworkService.swift in Sources */,
			);
			runOnlyForDeploymentPostprocessing = 0;
		};
/* End PBXSourcesBuildPhase section */

/* Begin PBXVariantGroup section */
		7B487DBA2595ECA10022297C /* Main.storyboard */ = {
			isa = PBXVariantGroup;
			children = (
				7B487DBB2595ECA10022297C /* Base */,
			);
			name = Main.storyboard;
			sourceTree = "<group>";
		};
		7B487DBF2595ECA20022297C /* LaunchScreen.storyboard */ = {
			isa = PBXVariantGroup;
			children = (
				7B487DC02595ECA20022297C /* Base */,
			);
			name = LaunchScreen.storyboard;
			sourceTree = "<group>";
		};
/* End PBXVariantGroup section */

/* Begin XCBuildConfiguration section */
		7B487DC32595ECA20022297C /* Debug */ = {
			isa = XCBuildConfiguration;
			buildSettings = {
				ALWAYS_SEARCH_USER_PATHS = NO;
				CLANG_ANALYZER_NONNULL = YES;
				CLANG_ANALYZER_NUMBER_OBJECT_CONVERSION = YES_AGGRESSIVE;
				CLANG_CXX_LANGUAGE_STANDARD = "gnu++14";
				CLANG_CXX_LIBRARY = "libc++";
				CLANG_ENABLE_MODULES = YES;
				CLANG_ENABLE_OBJC_ARC = YES;
				CLANG_ENABLE_OBJC_WEAK = YES;
				CLANG_WARN_BLOCK_CAPTURE_AUTORELEASING = YES;
				CLANG_WARN_BOOL_CONVERSION = YES;
				CLANG_WARN_COMMA = YES;
				CLANG_WARN_CONSTANT_CONVERSION = YES;
				CLANG_WARN_DEPRECATED_OBJC_IMPLEMENTATIONS = YES;
				CLANG_WARN_DIRECT_OBJC_ISA_USAGE = YES_ERROR;
				CLANG_WARN_DOCUMENTATION_COMMENTS = YES;
				CLANG_WARN_EMPTY_BODY = YES;
				CLANG_WARN_ENUM_CONVERSION = YES;
				CLANG_WARN_INFINITE_RECURSION = YES;
				CLANG_WARN_INT_CONVERSION = YES;
				CLANG_WARN_NON_LITERAL_NULL_CONVERSION = YES;
				CLANG_WARN_OBJC_IMPLICIT_RETAIN_SELF = YES;
				CLANG_WARN_OBJC_LITERAL_CONVERSION = YES;
				CLANG_WARN_OBJC_ROOT_CLASS = YES_ERROR;
				CLANG_WARN_QUOTED_INCLUDE_IN_FRAMEWORK_HEADER = YES;
				CLANG_WARN_RANGE_LOOP_ANALYSIS = YES;
				CLANG_WARN_STRICT_PROTOTYPES = YES;
				CLANG_WARN_SUSPICIOUS_MOVE = YES;
				CLANG_WARN_UNGUARDED_AVAILABILITY = YES_AGGRESSIVE;
				CLANG_WARN_UNREACHABLE_CODE = YES;
				CLANG_WARN__DUPLICATE_METHOD_MATCH = YES;
				COPY_PHASE_STRIP = NO;
				DEBUG_INFORMATION_FORMAT = dwarf;
				ENABLE_STRICT_OBJC_MSGSEND = YES;
				ENABLE_TESTABILITY = YES;
				GCC_C_LANGUAGE_STANDARD = gnu11;
				GCC_DYNAMIC_NO_PIC = NO;
				GCC_NO_COMMON_BLOCKS = YES;
				GCC_OPTIMIZATION_LEVEL = 0;
				GCC_PREPROCESSOR_DEFINITIONS = (
					"DEBUG=1",
					"$(inherited)",
				);
				GCC_WARN_64_TO_32_BIT_CONVERSION = YES;
				GCC_WARN_ABOUT_RETURN_TYPE = YES_ERROR;
				GCC_WARN_UNDECLARED_SELECTOR = YES;
				GCC_WARN_UNINITIALIZED_AUTOS = YES_AGGRESSIVE;
				GCC_WARN_UNUSED_FUNCTION = YES;
				GCC_WARN_UNUSED_VARIABLE = YES;
				IPHONEOS_DEPLOYMENT_TARGET = 14.3;
				MTL_ENABLE_DEBUG_INFO = INCLUDE_SOURCE;
				MTL_FAST_MATH = YES;
				ONLY_ACTIVE_ARCH = YES;
				SDKROOT = iphoneos;
				SWIFT_ACTIVE_COMPILATION_CONDITIONS = DEBUG;
				SWIFT_OPTIMIZATION_LEVEL = "-Onone";
			};
			name = Debug;
		};
		7B487DC42595ECA20022297C /* Release */ = {
			isa = XCBuildConfiguration;
			buildSettings = {
				ALWAYS_SEARCH_USER_PATHS = NO;
				CLANG_ANALYZER_NONNULL = YES;
				CLANG_ANALYZER_NUMBER_OBJECT_CONVERSION = YES_AGGRESSIVE;
				CLANG_CXX_LANGUAGE_STANDARD = "gnu++14";
				CLANG_CXX_LIBRARY = "libc++";
				CLANG_ENABLE_MODULES = YES;
				CLANG_ENABLE_OBJC_ARC = YES;
				CLANG_ENABLE_OBJC_WEAK = YES;
				CLANG_WARN_BLOCK_CAPTURE_AUTORELEASING = YES;
				CLANG_WARN_BOOL_CONVERSION = YES;
				CLANG_WARN_COMMA = YES;
				CLANG_WARN_CONSTANT_CONVERSION = YES;
				CLANG_WARN_DEPRECATED_OBJC_IMPLEMENTATIONS = YES;
				CLANG_WARN_DIRECT_OBJC_ISA_USAGE = YES_ERROR;
				CLANG_WARN_DOCUMENTATION_COMMENTS = YES;
				CLANG_WARN_EMPTY_BODY = YES;
				CLANG_WARN_ENUM_CONVERSION = YES;
				CLANG_WARN_INFINITE_RECURSION = YES;
				CLANG_WARN_INT_CONVERSION = YES;
				CLANG_WARN_NON_LITERAL_NULL_CONVERSION = YES;
				CLANG_WARN_OBJC_IMPLICIT_RETAIN_SELF = YES;
				CLANG_WARN_OBJC_LITERAL_CONVERSION = YES;
				CLANG_WARN_OBJC_ROOT_CLASS = YES_ERROR;
				CLANG_WARN_QUOTED_INCLUDE_IN_FRAMEWORK_HEADER = YES;
				CLANG_WARN_RANGE_LOOP_ANALYSIS = YES;
				CLANG_WARN_STRICT_PROTOTYPES = YES;
				CLANG_WARN_SUSPICIOUS_MOVE = YES;
				CLANG_WARN_UNGUARDED_AVAILABILITY = YES_AGGRESSIVE;
				CLANG_WARN_UNREACHABLE_CODE = YES;
				CLANG_WARN__DUPLICATE_METHOD_MATCH = YES;
				COPY_PHASE_STRIP = NO;
				DEBUG_INFORMATION_FORMAT = "dwarf-with-dsym";
				ENABLE_NS_ASSERTIONS = NO;
				ENABLE_STRICT_OBJC_MSGSEND = YES;
				GCC_C_LANGUAGE_STANDARD = gnu11;
				GCC_NO_COMMON_BLOCKS = YES;
				GCC_WARN_64_TO_32_BIT_CONVERSION = YES;
				GCC_WARN_ABOUT_RETURN_TYPE = YES_ERROR;
				GCC_WARN_UNDECLARED_SELECTOR = YES;
				GCC_WARN_UNINITIALIZED_AUTOS = YES_AGGRESSIVE;
				GCC_WARN_UNUSED_FUNCTION = YES;
				GCC_WARN_UNUSED_VARIABLE = YES;
				IPHONEOS_DEPLOYMENT_TARGET = 14.3;
				MTL_ENABLE_DEBUG_INFO = NO;
				MTL_FAST_MATH = YES;
				SDKROOT = iphoneos;
				SWIFT_COMPILATION_MODE = wholemodule;
				SWIFT_OPTIMIZATION_LEVEL = "-O";
				VALIDATE_PRODUCT = YES;
			};
			name = Release;
		};
		7B487DC62595ECA20022297C /* Debug */ = {
			isa = XCBuildConfiguration;
			buildSettings = {
				ASSETCATALOG_COMPILER_APPICON_NAME = AppIcon;
				ASSETCATALOG_COMPILER_GLOBAL_ACCENT_COLOR_NAME = AccentColor;
				CODE_SIGN_STYLE = Automatic;
				DEVELOPMENT_TEAM = TCJQCY9299;
				INFOPLIST_FILE = "$(SRCROOT)/MVC-s/Supporting files/Info.plist";
				LD_RUNPATH_SEARCH_PATHS = (
					"$(inherited)",
					"@executable_path/Frameworks",
				);
				PRODUCT_BUNDLE_IDENTIFIER = "swift.MVC-s";
				PRODUCT_NAME = "$(TARGET_NAME)";
				SWIFT_VERSION = 5.0;
				TARGETED_DEVICE_FAMILY = "1,2";
			};
			name = Debug;
		};
		7B487DC72595ECA20022297C /* Release */ = {
			isa = XCBuildConfiguration;
			buildSettings = {
				ASSETCATALOG_COMPILER_APPICON_NAME = AppIcon;
				ASSETCATALOG_COMPILER_GLOBAL_ACCENT_COLOR_NAME = AccentColor;
				CODE_SIGN_STYLE = Automatic;
				DEVELOPMENT_TEAM = TCJQCY9299;
				INFOPLIST_FILE = "$(SRCROOT)/MVC-s/Supporting files/Info.plist";
				LD_RUNPATH_SEARCH_PATHS = (
					"$(inherited)",
					"@executable_path/Frameworks",
				);
				PRODUCT_BUNDLE_IDENTIFIER = "swift.MVC-s";
				PRODUCT_NAME = "$(TARGET_NAME)";
				SWIFT_VERSION = 5.0;
				TARGETED_DEVICE_FAMILY = "1,2";
			};
			name = Release;
		};
/* End XCBuildConfiguration section */

/* Begin XCConfigurationList section */
		7B487DAC2595ECA10022297C /* Build configuration list for PBXProject "MVC-s" */ = {
			isa = XCConfigurationList;
			buildConfigurations = (
				7B487DC32595ECA20022297C /* Debug */,
				7B487DC42595ECA20022297C /* Release */,
			);
			defaultConfigurationIsVisible = 0;
			defaultConfigurationName = Release;
		};
		7B487DC52595ECA20022297C /* Build configuration list for PBXNativeTarget "MVC-s" */ = {
			isa = XCConfigurationList;
			buildConfigurations = (
				7B487DC62595ECA20022297C /* Debug */,
				7B487DC72595ECA20022297C /* Release */,
			);
			defaultConfigurationIsVisible = 0;
			defaultConfigurationName = Release;
		};
/* End XCConfigurationList section */
	};
	rootObject = 7B487DA92595ECA10022297C /* Project object */;
}
